
Microsoft Visual Studio Solution File, Format Version 12.00
Project("{FAE04EC0-301F-11D3-BF4B-00C04F79EFBC}") = "Fun CPU", "Fun CPU\Fun CPU.csproj", "{DDC2C560-C3DC-4676-8917-F7C93CA836E5}"
EndProject
Global
	GlobalSection(SolutionConfigurationPlatforms) = preSolution
		Debug|Any CPU = Debug|Any CPU
		Release|Any CPU = Release|Any CPU
	EndGlobalSection
	GlobalSection(ProjectConfigurationPlatforms) = postSolution
		{DDC2C560-C3DC-4676-8917-F7C93CA836E5}.Debug|Any CPU.ActiveCfg = Debug|Any CPU
		{DDC2C560-C3DC-4676-8917-F7C93CA836E5}.Debug|Any CPU.Build.0 = Debug|Any CPU
		{DDC2C560-C3DC-4676-8917-F7C93CA836E5}.Release|Any CPU.ActiveCfg = Release|Any CPU
		{DDC2C560-C3DC-4676-8917-F7C93CA836E5}.Release|Any CPU.Build.0 = Release|Any CPU
	EndGlobalSection
EndGlobal
